
Microsoft Visual Studio Solution File, Format Version 12.00
# Visual Studio Version 17
VisualStudioVersion = 17.1.32228.430
MinimumVisualStudioVersion = 10.0.40219.1
Project("{8BC9CEB8-8B4A-11D0-8D11-00A0C91BC942}") = "Project", "Project\Project.vcxproj", "{4F9B2F60-C922-48A8-818B-5168FC1071DB}"
EndProject
Global
	GlobalSection(SolutionConfigurationPlatforms) = preSolution
		Debug|x64 = Debug|x64
		Debug|x86 = Debug|x86
		Release|x64 = Release|x64
		Release|x86 = Release|x86
	EndGlobalSection
	GlobalSection(ProjectConfigurationPlatforms) = postSolution
		{4F9B2F60-C922-48A8-818B-5168FC1071DB}.Debug|x64.ActiveCfg = Debug|x64
		{4F9B2F60-C922-48A8-818B-5168FC1071DB}.Debug|x64.Build.0 = Debug|x64
		{4F9B2F60-C922-48A8-818B-5168FC1071DB}.Debug|x86.ActiveCfg = Debug|Win32
		{4F9B2F60-C922-48A8-818B-5168FC1071DB}.Debug|x86.Build.0 = Debug|Win32
		{4F9B2F60-C922-48A8-818B-5168FC1071DB}.Release|x64.ActiveCfg = Release|x64
		{4F9B2F60-C922-48A8-818B-5168FC1071DB}.Release|x64.Build.0 = Release|x64
		{4F9B2F60-C922-48A8-818B-5168FC1071DB}.Release|x86.ActiveCfg = Release|Win32
		{4F9B2F60-C922-48A8-818B-5168FC1071DB}.Release|x86.Build.0 = Release|Win32
	EndGlobalSection
	GlobalSection(SolutionProperties) = preSolution
		HideSolutionNode = FALSE
	EndGlobalSection
	GlobalSection(ExtensibilityGlobals) = postSolution
		SolutionGuid = {E24D58C1-F120-4D61-90D3-F00BACCCC537}
	EndGlobalSection
EndGlobal
